
Microsoft Visual Studio Solution File, Format Version 12.00
# Visual Studio Version 17
VisualStudioVersion = 17.6.33723.286
MinimumVisualStudioVersion = 10.0.40219.1
Project("{FAE04EC0-301F-11D3-BF4B-00C04F79EFBC}") = "Homework1", "Homework1\Homework1.csproj", "{C3321A8D-83EB-4F59-BAC2-0369DEBD6519}"
EndProject
Project("{FAE04EC0-301F-11D3-BF4B-00C04F79EFBC}") = "Homework2", "Homework2\Homework2.csproj", "{EB82999C-C4D6-478B-9755-C8DE42CF7601}"
EndProject
Global
	GlobalSection(SolutionConfigurationPlatforms) = preSolution
		Debug|Any CPU = Debug|Any CPU
		Release|Any CPU = Release|Any CPU
	EndGlobalSection
	GlobalSection(ProjectConfigurationPlatforms) = postSolution
		{C3321A8D-83EB-4F59-BAC2-0369DEBD6519}.Debug|Any CPU.ActiveCfg = Debug|Any CPU
		{C3321A8D-83EB-4F59-BAC2-0369DEBD6519}.Debug|Any CPU.Build.0 = Debug|Any CPU
		{C3321A8D-83EB-4F59-BAC2-0369DEBD6519}.Release|Any CPU.ActiveCfg = Release|Any CPU
		{C3321A8D-83EB-4F59-BAC2-0369DEBD6519}.Release|Any CPU.Build.0 = Release|Any CPU
		{EB82999C-C4D6-478B-9755-C8DE42CF7601}.Debug|Any CPU.ActiveCfg = Debug|Any CPU
		{EB82999C-C4D6-478B-9755-C8DE42CF7601}.Debug|Any CPU.Build.0 = Debug|Any CPU
		{EB82999C-C4D6-478B-9755-C8DE42CF7601}.Release|Any CPU.ActiveCfg = Release|Any CPU
		{EB82999C-C4D6-478B-9755-C8DE42CF7601}.Release|Any CPU.Build.0 = Release|Any CPU
	EndGlobalSection
	GlobalSection(SolutionProperties) = preSolution
		HideSolutionNode = FALSE
	EndGlobalSection
	GlobalSection(ExtensibilityGlobals) = postSolution
		SolutionGuid = {11E26130-36E7-463E-9FD6-BDD27F41E9CA}
	EndGlobalSection
EndGlobal
